
Microsoft Visual Studio Solution File, Format Version 12.00
# Visual Studio 14
VisualStudioVersion = 14.0.24720.0
MinimumVisualStudioVersion = 10.0.40219.1
Project("{FAE04EC0-301F-11D3-BF4B-00C04F79EFBC}") = "Tests", "ClassLibrary1\Tests.csproj", "{5C878405-7048-4727-BF0A-503DBCAFB913}"
EndProject
Project("{FAE04EC0-301F-11D3-BF4B-00C04F79EFBC}") = "BinaryTreeLib", "BinaryTreeLib\BinaryTreeLib.csproj", "{6F598BEB-9D90-4828-A98B-E7EF0BFC707D}"
EndProject
Global
	GlobalSection(SolutionConfigurationPlatforms) = preSolution
		Debug|Any CPU = Debug|Any CPU
		Release|Any CPU = Release|Any CPU
	EndGlobalSection
	GlobalSection(ProjectConfigurationPlatforms) = postSolution
		{5C878405-7048-4727-BF0A-503DBCAFB913}.Debug|Any CPU.ActiveCfg = Debug|Any CPU
		{5C878405-7048-4727-BF0A-503DBCAFB913}.Debug|Any CPU.Build.0 = Debug|Any CPU
		{5C878405-7048-4727-BF0A-503DBCAFB913}.Release|Any CPU.ActiveCfg = Release|Any CPU
		{5C878405-7048-4727-BF0A-503DBCAFB913}.Release|Any CPU.Build.0 = Release|Any CPU
		{6F598BEB-9D90-4828-A98B-E7EF0BFC707D}.Debug|Any CPU.ActiveCfg = Debug|Any CPU
		{6F598BEB-9D90-4828-A98B-E7EF0BFC707D}.Debug|Any CPU.Build.0 = Debug|Any CPU
		{6F598BEB-9D90-4828-A98B-E7EF0BFC707D}.Release|Any CPU.ActiveCfg = Release|Any CPU
		{6F598BEB-9D90-4828-A98B-E7EF0BFC707D}.Release|Any CPU.Build.0 = Release|Any CPU
	EndGlobalSection
	GlobalSection(SolutionProperties) = preSolution
		HideSolutionNode = FALSE
	EndGlobalSection
EndGlobal
